
Microsoft Visual Studio Solution File, Format Version 12.00
# Visual Studio 15
VisualStudioVersion = 15.0.28307.572
MinimumVisualStudioVersion = 10.0.40219.1
Project("{9A19103F-16F7-4668-BE54-9A1E7A4F7556}") = "MonthyHallProblem", "MonthyHallProblem\MonthyHallProblem.csproj", "{434DB36F-561C-432C-BE7F-E2DC78318C97}"
EndProject
Project("{FAE04EC0-301F-11D3-BF4B-00C04F79EFBC}") = "TestMonthyHallProblem", "TestMonthyHallProblem\TestMonthyHallProblem.csproj", "{71EA4407-E691-468F-BC6C-5ACE154FC539}"
EndProject
Global
	GlobalSection(SolutionConfigurationPlatforms) = preSolution
		Debug|Any CPU = Debug|Any CPU
		Release|Any CPU = Release|Any CPU
	EndGlobalSection
	GlobalSection(ProjectConfigurationPlatforms) = postSolution
		{434DB36F-561C-432C-BE7F-E2DC78318C97}.Debug|Any CPU.ActiveCfg = Debug|Any CPU
		{434DB36F-561C-432C-BE7F-E2DC78318C97}.Debug|Any CPU.Build.0 = Debug|Any CPU
		{434DB36F-561C-432C-BE7F-E2DC78318C97}.Release|Any CPU.ActiveCfg = Release|Any CPU
		{434DB36F-561C-432C-BE7F-E2DC78318C97}.Release|Any CPU.Build.0 = Release|Any CPU
		{71EA4407-E691-468F-BC6C-5ACE154FC539}.Debug|Any CPU.ActiveCfg = Debug|Any CPU
		{71EA4407-E691-468F-BC6C-5ACE154FC539}.Debug|Any CPU.Build.0 = Debug|Any CPU
		{71EA4407-E691-468F-BC6C-5ACE154FC539}.Release|Any CPU.ActiveCfg = Release|Any CPU
		{71EA4407-E691-468F-BC6C-5ACE154FC539}.Release|Any CPU.Build.0 = Release|Any CPU
	EndGlobalSection
	GlobalSection(SolutionProperties) = preSolution
		HideSolutionNode = FALSE
	EndGlobalSection
	GlobalSection(ExtensibilityGlobals) = postSolution
		SolutionGuid = {EDD832FC-9423-4EE9-9914-B97ABDBD1F5B}
	EndGlobalSection
EndGlobal
